
Microsoft Visual Studio Solution File, Format Version 11.00
# Visual Studio 2010
Project("{FAE04EC0-301F-11D3-BF4B-00C04F79EFBC}") = "ConvertDecimalNumberToBinaryRepresentation", "ConvertDecimalNumberToBinaryRepresentation\ConvertDecimalNumberToBinaryRepresentation.csproj", "{B4BC532A-3DE9-4DF6-86DA-61D29637AEA7}"
EndProject
Project("{FAE04EC0-301F-11D3-BF4B-00C04F79EFBC}") = "ConvertBinaryToDecimal Number", "ConvertBinaryToDecimal Number\ConvertBinaryToDecimal Number.csproj", "{3C8BFACB-345A-4976-8887-B639F470C4B9}"
EndProject
Project("{FAE04EC0-301F-11D3-BF4B-00C04F79EFBC}") = "ConvertDecimalNumberToHexadecimalNumber", "ConvertDecimalNumberToHexadecimalNumber\ConvertDecimalNumberToHexadecimalNumber.csproj", "{D210CFC7-E37F-46C4-8397-DD6AFE48EB14}"
EndProject
Project("{FAE04EC0-301F-11D3-BF4B-00C04F79EFBC}") = "ConvertHexadecimalNumberToDecimalNumber", "ConvertHexadecimalNumberToDecimalNumber\ConvertHexadecimalNumberToDecimalNumber.csproj", "{78D940E8-6152-45A3-88EB-103107ABC19A}"
EndProject
Project("{FAE04EC0-301F-11D3-BF4B-00C04F79EFBC}") = "ConvertHexadecimalNumberToBinary", "ConvertHexadecimalNumberToBinary\ConvertHexadecimalNumberToBinary.csproj", "{6802A97F-DDB2-4496-ADD0-6938C18FE503}"
EndProject
Project("{FAE04EC0-301F-11D3-BF4B-00C04F79EFBC}") = "ConvertBinaryToHexadecimalNumber", "ConvertBinaryToHexadecimalNumber\ConvertBinaryToHexadecimalNumber.csproj", "{3E9CD105-99B7-492E-874E-AD5ED488E931}"
EndProject
Project("{FAE04EC0-301F-11D3-BF4B-00C04F79EFBC}") = "ConvertHexadecimalNumberToBinary2", "ConvertHexadecimalNumberToBinary2\ConvertHexadecimalNumberToBinary2.csproj", "{FCFA29DE-3C7B-4C95-9754-E37B2E02038D}"
EndProject
Project("{FAE04EC0-301F-11D3-BF4B-00C04F79EFBC}") = "ConvertAnyNumeralSystem", "ConvertAnyNumeralSystem\ConvertAnyNumeralSystem.csproj", "{3724DED1-0FD9-417D-84D9-AADA8AFFE588}"
EndProject
Project("{FAE04EC0-301F-11D3-BF4B-00C04F79EFBC}") = "BinaryPresentationOfSighnedIntegerShort", "BinaryPresentationOfSighnedIntegerShort\BinaryPresentationOfSighnedIntegerShort.csproj", "{4C60EB32-659E-44B4-9B9A-FAC863D97D91}"
EndProject
Global
	GlobalSection(SolutionConfigurationPlatforms) = preSolution
		Debug|x86 = Debug|x86
		Release|x86 = Release|x86
	EndGlobalSection
	GlobalSection(ProjectConfigurationPlatforms) = postSolution
		{B4BC532A-3DE9-4DF6-86DA-61D29637AEA7}.Debug|x86.ActiveCfg = Debug|x86
		{B4BC532A-3DE9-4DF6-86DA-61D29637AEA7}.Debug|x86.Build.0 = Debug|x86
		{B4BC532A-3DE9-4DF6-86DA-61D29637AEA7}.Release|x86.ActiveCfg = Release|x86
		{B4BC532A-3DE9-4DF6-86DA-61D29637AEA7}.Release|x86.Build.0 = Release|x86
		{3C8BFACB-345A-4976-8887-B639F470C4B9}.Debug|x86.ActiveCfg = Debug|x86
		{3C8BFACB-345A-4976-8887-B639F470C4B9}.Debug|x86.Build.0 = Debug|x86
		{3C8BFACB-345A-4976-8887-B639F470C4B9}.Release|x86.ActiveCfg = Release|x86
		{3C8BFACB-345A-4976-8887-B639F470C4B9}.Release|x86.Build.0 = Release|x86
		{D210CFC7-E37F-46C4-8397-DD6AFE48EB14}.Debug|x86.ActiveCfg = Debug|x86
		{D210CFC7-E37F-46C4-8397-DD6AFE48EB14}.Debug|x86.Build.0 = Debug|x86
		{D210CFC7-E37F-46C4-8397-DD6AFE48EB14}.Release|x86.ActiveCfg = Release|x86
		{D210CFC7-E37F-46C4-8397-DD6AFE48EB14}.Release|x86.Build.0 = Release|x86
		{78D940E8-6152-45A3-88EB-103107ABC19A}.Debug|x86.ActiveCfg = Debug|x86
		{78D940E8-6152-45A3-88EB-103107ABC19A}.Debug|x86.Build.0 = Debug|x86
		{78D940E8-6152-45A3-88EB-103107ABC19A}.Release|x86.ActiveCfg = Release|x86
		{78D940E8-6152-45A3-88EB-103107ABC19A}.Release|x86.Build.0 = Release|x86
		{6802A97F-DDB2-4496-ADD0-6938C18FE503}.Debug|x86.ActiveCfg = Debug|x86
		{6802A97F-DDB2-4496-ADD0-6938C18FE503}.Debug|x86.Build.0 = Debug|x86
		{6802A97F-DDB2-4496-ADD0-6938C18FE503}.Release|x86.ActiveCfg = Release|x86
		{6802A97F-DDB2-4496-ADD0-6938C18FE503}.Release|x86.Build.0 = Release|x86
		{3E9CD105-99B7-492E-874E-AD5ED488E931}.Debug|x86.ActiveCfg = Debug|x86
		{3E9CD105-99B7-492E-874E-AD5ED488E931}.Debug|x86.Build.0 = Debug|x86
		{3E9CD105-99B7-492E-874E-AD5ED488E931}.Release|x86.ActiveCfg = Release|x86
		{3E9CD105-99B7-492E-874E-AD5ED488E931}.Release|x86.Build.0 = Release|x86
		{FCFA29DE-3C7B-4C95-9754-E37B2E02038D}.Debug|x86.ActiveCfg = Debug|x86
		{FCFA29DE-3C7B-4C95-9754-E37B2E02038D}.Debug|x86.Build.0 = Debug|x86
		{FCFA29DE-3C7B-4C95-9754-E37B2E02038D}.Release|x86.ActiveCfg = Release|x86
		{FCFA29DE-3C7B-4C95-9754-E37B2E02038D}.Release|x86.Build.0 = Release|x86
		{3724DED1-0FD9-417D-84D9-AADA8AFFE588}.Debug|x86.ActiveCfg = Debug|x86
		{3724DED1-0FD9-417D-84D9-AADA8AFFE588}.Debug|x86.Build.0 = Debug|x86
		{3724DED1-0FD9-417D-84D9-AADA8AFFE588}.Release|x86.ActiveCfg = Release|x86
		{3724DED1-0FD9-417D-84D9-AADA8AFFE588}.Release|x86.Build.0 = Release|x86
		{4C60EB32-659E-44B4-9B9A-FAC863D97D91}.Debug|x86.ActiveCfg = Debug|x86
		{4C60EB32-659E-44B4-9B9A-FAC863D97D91}.Debug|x86.Build.0 = Debug|x86
		{4C60EB32-659E-44B4-9B9A-FAC863D97D91}.Release|x86.ActiveCfg = Release|x86
		{4C60EB32-659E-44B4-9B9A-FAC863D97D91}.Release|x86.Build.0 = Release|x86
	EndGlobalSection
	GlobalSection(SolutionProperties) = preSolution
		HideSolutionNode = FALSE
	EndGlobalSection
EndGlobal
